
Microsoft Visual Studio Solution File, Format Version 12.00
# Visual Studio 15
Project("{FAE04EC0-301F-11D3-BF4B-00C04F79EFBC}") = "NotesApp", "NotesApp\NotesApp.csproj", "{5D063883-A616-4BA4-B62E-FCC0D73545D6}"
EndProject
Project("{FAE04EC0-301F-11D3-BF4B-00C04F79EFBC}") = "NotesApp.Droid", "Droid\NotesApp.Droid.csproj", "{1D3DD6D8-AAC5-412D-9F50-1086C7C54C16}"
EndProject
Project("{FAE04EC0-301F-11D3-BF4B-00C04F79EFBC}") = "NotesApp.iOS", "iOS\NotesApp.iOS.csproj", "{87FDAF1E-31D5-48B5-A3BD-F5B99AFE76BF}"
EndProject
Global
	GlobalSection(SolutionConfigurationPlatforms) = preSolution
		Debug|Any CPU = Debug|Any CPU
		Release|Any CPU = Release|Any CPU
		Debug|iPhoneSimulator = Debug|iPhoneSimulator
		Release|iPhone = Release|iPhone
		Release|iPhoneSimulator = Release|iPhoneSimulator
		Debug|iPhone = Debug|iPhone
	EndGlobalSection
	GlobalSection(ProjectConfigurationPlatforms) = postSolution
		{5D063883-A616-4BA4-B62E-FCC0D73545D6}.Debug|Any CPU.ActiveCfg = Debug|Any CPU
		{5D063883-A616-4BA4-B62E-FCC0D73545D6}.Debug|Any CPU.Build.0 = Debug|Any CPU
		{5D063883-A616-4BA4-B62E-FCC0D73545D6}.Release|Any CPU.ActiveCfg = Release|Any CPU
		{5D063883-A616-4BA4-B62E-FCC0D73545D6}.Release|Any CPU.Build.0 = Release|Any CPU
		{5D063883-A616-4BA4-B62E-FCC0D73545D6}.Debug|iPhoneSimulator.ActiveCfg = Debug|Any CPU
		{5D063883-A616-4BA4-B62E-FCC0D73545D6}.Debug|iPhoneSimulator.Build.0 = Debug|Any CPU
		{5D063883-A616-4BA4-B62E-FCC0D73545D6}.Release|iPhone.ActiveCfg = Release|Any CPU
		{5D063883-A616-4BA4-B62E-FCC0D73545D6}.Release|iPhone.Build.0 = Release|Any CPU
		{5D063883-A616-4BA4-B62E-FCC0D73545D6}.Release|iPhoneSimulator.ActiveCfg = Release|Any CPU
		{5D063883-A616-4BA4-B62E-FCC0D73545D6}.Release|iPhoneSimulator.Build.0 = Release|Any CPU
		{5D063883-A616-4BA4-B62E-FCC0D73545D6}.Debug|iPhone.ActiveCfg = Debug|Any CPU
		{5D063883-A616-4BA4-B62E-FCC0D73545D6}.Debug|iPhone.Build.0 = Debug|Any CPU
		{1D3DD6D8-AAC5-412D-9F50-1086C7C54C16}.Debug|Any CPU.ActiveCfg = Debug|Any CPU
		{1D3DD6D8-AAC5-412D-9F50-1086C7C54C16}.Debug|Any CPU.Build.0 = Debug|Any CPU
		{1D3DD6D8-AAC5-412D-9F50-1086C7C54C16}.Release|Any CPU.ActiveCfg = Release|Any CPU
		{1D3DD6D8-AAC5-412D-9F50-1086C7C54C16}.Release|Any CPU.Build.0 = Release|Any CPU
		{1D3DD6D8-AAC5-412D-9F50-1086C7C54C16}.Debug|iPhoneSimulator.ActiveCfg = Debug|Any CPU
		{1D3DD6D8-AAC5-412D-9F50-1086C7C54C16}.Debug|iPhoneSimulator.Build.0 = Debug|Any CPU
		{1D3DD6D8-AAC5-412D-9F50-1086C7C54C16}.Release|iPhone.ActiveCfg = Release|Any CPU
		{1D3DD6D8-AAC5-412D-9F50-1086C7C54C16}.Release|iPhone.Build.0 = Release|Any CPU
		{1D3DD6D8-AAC5-412D-9F50-1086C7C54C16}.Release|iPhoneSimulator.ActiveCfg = Release|Any CPU
		{1D3DD6D8-AAC5-412D-9F50-1086C7C54C16}.Release|iPhoneSimulator.Build.0 = Release|Any CPU
		{1D3DD6D8-AAC5-412D-9F50-1086C7C54C16}.Debug|iPhone.ActiveCfg = Debug|Any CPU
		{1D3DD6D8-AAC5-412D-9F50-1086C7C54C16}.Debug|iPhone.Build.0 = Debug|Any CPU
		{87FDAF1E-31D5-48B5-A3BD-F5B99AFE76BF}.Debug|Any CPU.ActiveCfg = Debug|iPhoneSimulator
		{87FDAF1E-31D5-48B5-A3BD-F5B99AFE76BF}.Debug|Any CPU.Build.0 = Debug|iPhoneSimulator
		{87FDAF1E-31D5-48B5-A3BD-F5B99AFE76BF}.Release|Any CPU.ActiveCfg = Release|iPhone
		{87FDAF1E-31D5-48B5-A3BD-F5B99AFE76BF}.Release|Any CPU.Build.0 = Release|iPhone
		{87FDAF1E-31D5-48B5-A3BD-F5B99AFE76BF}.Debug|iPhoneSimulator.ActiveCfg = Debug|iPhoneSimulator
		{87FDAF1E-31D5-48B5-A3BD-F5B99AFE76BF}.Debug|iPhoneSimulator.Build.0 = Debug|iPhoneSimulator
		{87FDAF1E-31D5-48B5-A3BD-F5B99AFE76BF}.Release|iPhone.ActiveCfg = Release|iPhone
		{87FDAF1E-31D5-48B5-A3BD-F5B99AFE76BF}.Release|iPhone.Build.0 = Release|iPhone
		{87FDAF1E-31D5-48B5-A3BD-F5B99AFE76BF}.Release|iPhoneSimulator.ActiveCfg = Release|iPhoneSimulator
		{87FDAF1E-31D5-48B5-A3BD-F5B99AFE76BF}.Release|iPhoneSimulator.Build.0 = Release|iPhoneSimulator
		{87FDAF1E-31D5-48B5-A3BD-F5B99AFE76BF}.Debug|iPhone.ActiveCfg = Debug|iPhone
		{87FDAF1E-31D5-48B5-A3BD-F5B99AFE76BF}.Debug|iPhone.Build.0 = Debug|iPhone
	EndGlobalSection
EndGlobal
